
Microsoft Visual Studio Solution File, Format Version 12.00
# Visual Studio Version 17
VisualStudioVersion = 17.4.33205.214
MinimumVisualStudioVersion = 10.0.40219.1
Project("{9A19103F-16F7-4668-BE54-9A1E7A4F7556}") = "T5R", "T5R.csproj", "{4920DB25-07ED-4CA9-B120-1271319E4B92}"
EndProject
Global
	GlobalSection(SolutionConfigurationPlatforms) = preSolution
		Debug|Any CPU = Debug|Any CPU
		Release|Any CPU = Release|Any CPU
	EndGlobalSection
	GlobalSection(ProjectConfigurationPlatforms) = postSolution
		{4920DB25-07ED-4CA9-B120-1271319E4B92}.Debug|Any CPU.ActiveCfg = Debug|Any CPU
		{4920DB25-07ED-4CA9-B120-1271319E4B92}.Debug|Any CPU.Build.0 = Debug|Any CPU
		{4920DB25-07ED-4CA9-B120-1271319E4B92}.Release|Any CPU.ActiveCfg = Release|Any CPU
		{4920DB25-07ED-4CA9-B120-1271319E4B92}.Release|Any CPU.Build.0 = Release|Any CPU
	EndGlobalSection
	GlobalSection(SolutionProperties) = preSolution
		HideSolutionNode = FALSE
	EndGlobalSection
	GlobalSection(ExtensibilityGlobals) = postSolution
		SolutionGuid = {F9FF2230-9293-4A5D-A88D-333438432741}
	EndGlobalSection
EndGlobal
